// !$*UTF8*$!
{
	archiveVersion = 1;
	classes = {
	};
	objectVersion = 56;
	objects = {

/* Begin PBXBuildFile section */
		495056BD29E3328500C43393 /* AppDelegate.swift in Sources */ = {isa = PBXBuildFile; fileRef = 495056BC29E3328500C43393 /* AppDelegate.swift */; };
		495056BF29E3328500C43393 /* SceneDelegate.swift in Sources */ = {isa = PBXBuildFile; fileRef = 495056BE29E3328500C43393 /* SceneDelegate.swift */; };
		495056C129E3328500C43393 /* ViewController.swift in Sources */ = {isa = PBXBuildFile; fileRef = 495056C029E3328500C43393 /* ViewController.swift */; };
		495056C429E3328500C43393 /* Main.storyboard in Resources */ = {isa = PBXBuildFile; fileRef = 495056C229E3328500C43393 /* Main.storyboard */; };
		495056C629E3328700C43393 /* Assets.xcassets in Resources */ = {isa = PBXBuildFile; fileRef = 495056C529E3328700C43393 /* Assets.xcassets */; };
		495056C929E3328700C43393 /* LaunchScreen.storyboard in Resources */ = {isa = PBXBuildFile; fileRef = 495056C729E3328700C43393 /* LaunchScreen.storyboard */; };
		495056D129E336FD00C43393 /* APIFunctions.swift in Sources */ = {isa = PBXBuildFile; fileRef = 495056D029E336FD00C43393 /* APIFunctions.swift */; };
		495056D429E3377400C43393 /* Alamofire in Frameworks */ = {isa = PBXBuildFile; productRef = 495056D329E3377400C43393 /* Alamofire */; };
		495056D629E34BEF00C43393 /* AddNoteViewController.swift in Sources */ = {isa = PBXBuildFile; fileRef = 495056D529E34BEE00C43393 /* AddNoteViewController.swift */; };
		495056D829E49C1000C43393 /* NotePrototypeCell.swift in Sources */ = {isa = PBXBuildFile; fileRef = 495056D729E49C1000C43393 /* NotePrototypeCell.swift */; };
/* End PBXBuildFile section */

/* Begin PBXFileReference section */
		495056B929E3328500C43393 /* Note-App2.0.app */ = {isa = PBXFileReference; explicitFileType = wrapper.application; includeInIndex = 0; path = "Note-App2.0.app"; sourceTree = BUILT_PRODUCTS_DIR; };
		495056BC29E3328500C43393 /* AppDelegate.swift */ = {isa = PBXFileReference; lastKnownFileType = sourcecode.swift; path = AppDelegate.swift; sourceTree = "<group>"; };
		495056BE29E3328500C43393 /* SceneDelegate.swift */ = {isa = PBXFileReference; lastKnownFileType = sourcecode.swift; path = SceneDelegate.swift; sourceTree = "<group>"; };
		495056C029E3328500C43393 /* ViewController.swift */ = {isa = PBXFileReference; lastKnownFileType = sourcecode.swift; path = ViewController.swift; sourceTree = "<group>"; };
		495056C329E3328500C43393 /* Base */ = {isa = PBXFileReference; lastKnownFileType = file.storyboard; name = Base; path = Base.lproj/Main.storyboard; sourceTree = "<group>"; };
		495056C529E3328700C43393 /* Assets.xcassets */ = {isa = PBXFileReference; lastKnownFileType = folder.assetcatalog; path = Assets.xcassets; sourceTree = "<group>"; };
		495056C829E3328700C43393 /* Base */ = {isa = PBXFileReference; lastKnownFileType = file.storyboard; name = Base; path = Base.lproj/LaunchScreen.storyboard; sourceTree = "<group>"; };
		495056CA29E3328700C43393 /* Info.plist */ = {isa = PBXFileReference; lastKnownFileType = text.plist.xml; path = Info.plist; sourceTree = "<group>"; };
		495056D029E336FD00C43393 /* APIFunctions.swift */ = {isa = PBXFileReference; lastKnownFileType = sourcecode.swift; path = APIFunctions.swift; sourceTree = "<group>"; };
		495056D529E34BEE00C43393 /* AddNoteViewController.swift */ = {isa = PBXFileReference; lastKnownFileType = sourcecode.swift; path = AddNoteViewController.swift; sourceTree = "<group>"; };
		495056D729E49C1000C43393 /* NotePrototypeCell.swift */ = {isa = PBXFileReference; lastKnownFileType = sourcecode.swift; path = NotePrototypeCell.swift; sourceTree = "<group>"; };
/* End PBXFileReference section */

/* Begin PBXFrameworksBuildPhase section */
		495056B629E3328500C43393 /* Frameworks */ = {
			isa = PBXFrameworksBuildPhase;
			buildActionMask = 2147483647;
			files = (
				495056D429E3377400C43393 /* Alamofire in Frameworks */,
			);
			runOnlyForDeploymentPostprocessing = 0;
		};
/* End PBXFrameworksBuildPhase section */

/* Begin PBXGroup section */
		495056B029E3328500C43393 = {
			isa = PBXGroup;
			children = (
				495056BB29E3328500C43393 /* Note-App2.0 */,
				495056BA29E3328500C43393 /* Products */,
			);
			sourceTree = "<group>";
		};
		495056BA29E3328500C43393 /* Products */ = {
			isa = PBXGroup;
			children = (
				495056B929E3328500C43393 /* Note-App2.0.app */,
			);
			name = Products;
			sourceTree = "<group>";
		};
		495056BB29E3328500C43393 /* Note-App2.0 */ = {
			isa = PBXGroup;
			children = (
				495056BC29E3328500C43393 /* AppDelegate.swift */,
				495056BE29E3328500C43393 /* SceneDelegate.swift */,
				495056C029E3328500C43393 /* ViewController.swift */,
				495056C229E3328500C43393 /* Main.storyboard */,
				495056C529E3328700C43393 /* Assets.xcassets */,
				495056C729E3328700C43393 /* LaunchScreen.storyboard */,
				495056CA29E3328700C43393 /* Info.plist */,
				495056D029E336FD00C43393 /* APIFunctions.swift */,
				495056D529E34BEE00C43393 /* AddNoteViewController.swift */,
				495056D729E49C1000C43393 /* NotePrototypeCell.swift */,
			);
			path = "Note-App2.0";
			sourceTree = "<group>";
		};
/* End PBXGroup section */

/* Begin PBXNativeTarget section */
		495056B829E3328500C43393 /* Note-App2.0 */ = {
			isa = PBXNativeTarget;
			buildConfigurationList = 495056CD29E3328700C43393 /* Build configuration list for PBXNativeTarget "Note-App2.0" */;
			buildPhases = (
				495056B529E3328500C43393 /* Sources */,
				495056B629E3328500C43393 /* Frameworks */,
				495056B729E3328500C43393 /* Resources */,
			);
			buildRules = (
			);
			dependencies = (
			);
			name = "Note-App2.0";
			packageProductDependencies = (
				495056D329E3377400C43393 /* Alamofire */,
			);
			productName = "Note-App2.0";
			productReference = 495056B929E3328500C43393 /* Note-App2.0.app */;
			productType = "com.apple.product-type.application";
		};
/* End PBXNativeTarget section */

/* Begin PBXProject section */
		495056B129E3328500C43393 /* Project object */ = {
			isa = PBXProject;
			attributes = {
				BuildIndependentTargetsInParallel = 1;
				LastSwiftUpdateCheck = 1420;
				LastUpgradeCheck = 1420;
				TargetAttributes = {
					495056B829E3328500C43393 = {
						CreatedOnToolsVersion = 14.2;
					};
				};
			};
			buildConfigurationList = 495056B429E3328500C43393 /* Build configuration list for PBXProject "Note-App2.0" */;
			compatibilityVersion = "Xcode 14.0";
			developmentRegion = en;
			hasScannedForEncodings = 0;
			knownRegions = (
				en,
				Base,
			);
			mainGroup = 495056B029E3328500C43393;
			packageReferences = (
				495056D229E3377400C43393 /* XCRemoteSwiftPackageReference "Alamofire" */,
			);
			productRefGroup = 495056BA29E3328500C43393 /* Products */;
			projectDirPath = "";
			projectRoot = "";
			targets = (
				495056B829E3328500C43393 /* Note-App2.0 */,
			);
		};
/* End PBXProject section */

/* Begin PBXResourcesBuildPhase section */
		495056B729E3328500C43393 /* Resources */ = {
			isa = PBXResourcesBuildPhase;
			buildActionMask = 2147483647;
			files = (
				495056C929E3328700C43393 /* LaunchScreen.storyboard in Resources */,
				495056C629E3328700C43393 /* Assets.xcassets in Resources */,
				495056C429E3328500C43393 /* Main.storyboard in Resources */,
			);
			runOnlyForDeploymentPostprocessing = 0;
		};
/* End PBXResourcesBuildPhase section */

/* Begin PBXSourcesBuildPhase section */
		495056B529E3328500C43393 /* Sources */ = {
			isa = PBXSourcesBuildPhase;
			buildActionMask = 2147483647;
			files = (
				495056D129E336FD00C43393 /* APIFunctions.swift in Sources */,
				495056C129E3328500C43393 /* ViewController.swift in Sources */,
				495056BD29E3328500C43393 /* AppDelegate.swift in Sources */,
				495056D629E34BEF00C43393 /* AddNoteViewController.swift in Sources */,
				495056D829E49C1000C43393 /* NotePrototypeCell.swift in Sources */,
				495056BF29E3328500C43393 /* SceneDelegate.swift in Sources */,
			);
			runOnlyForDeploymentPostprocessing = 0;
		};
/* End PBXSourcesBuildPhase section */

/* Begin PBXVariantGroup section */
		495056C229E3328500C43393 /* Main.storyboard */ = {
			isa = PBXVariantGroup;
			children = (
				495056C329E3328500C43393 /* Base */,
			);
			name = Main.storyboard;
			sourceTree = "<group>";
		};
		495056C729E3328700C43393 /* LaunchScreen.storyboard */ = {
			isa = PBXVariantGroup;
			children = (
				495056C829E3328700C43393 /* Base */,
			);
			name = LaunchScreen.storyboard;
			sourceTree = "<group>";
		};
/* End PBXVariantGroup section */

/* Begin XCBuildConfiguration section */
		495056CB29E3328700C43393 /* Debug */ = {
			isa = XCBuildConfiguration;
			buildSettings = {
				ALWAYS_SEARCH_USER_PATHS = NO;
				CLANG_ANALYZER_NONNULL = YES;
				CLANG_ANALYZER_NUMBER_OBJECT_CONVERSION = YES_AGGRESSIVE;
				CLANG_CXX_LANGUAGE_STANDARD = "gnu++20";
				CLANG_ENABLE_MODULES = YES;
				CLANG_ENABLE_OBJC_ARC = YES;
				CLANG_ENABLE_OBJC_WEAK = YES;
				CLANG_WARN_BLOCK_CAPTURE_AUTORELEASING = YES;
				CLANG_WARN_BOOL_CONVERSION = YES;
				CLANG_WARN_COMMA = YES;
				CLANG_WARN_CONSTANT_CONVERSION = YES;
				CLANG_WARN_DEPRECATED_OBJC_IMPLEMENTATIONS = YES;
				CLANG_WARN_DIRECT_OBJC_ISA_USAGE = YES_ERROR;
				CLANG_WARN_DOCUMENTATION_COMMENTS = YES;
				CLANG_WARN_EMPTY_BODY = YES;
				CLANG_WARN_ENUM_CONVERSION = YES;
				CLANG_WARN_INFINITE_RECURSION = YES;
				CLANG_WARN_INT_CONVERSION = YES;
				CLANG_WARN_NON_LITERAL_NULL_CONVERSION = YES;
				CLANG_WARN_OBJC_IMPLICIT_RETAIN_SELF = YES;
				CLANG_WARN_OBJC_LITERAL_CONVERSION = YES;
				CLANG_WARN_OBJC_ROOT_CLASS = YES_ERROR;
				CLANG_WARN_QUOTED_INCLUDE_IN_FRAMEWORK_HEADER = YES;
				CLANG_WARN_RANGE_LOOP_ANALYSIS = YES;
				CLANG_WARN_STRICT_PROTOTYPES = YES;
				CLANG_WARN_SUSPICIOUS_MOVE = YES;
				CLANG_WARN_UNGUARDED_AVAILABILITY = YES_AGGRESSIVE;
				CLANG_WARN_UNREACHABLE_CODE = YES;
				CLANG_WARN__DUPLICATE_METHOD_MATCH = YES;
				COPY_PHASE_STRIP = NO;
				DEBUG_INFORMATION_FORMAT = dwarf;
				ENABLE_STRICT_OBJC_MSGSEND = YES;
				ENABLE_TESTABILITY = YES;
				GCC_C_LANGUAGE_STANDARD = gnu11;
				GCC_DYNAMIC_NO_PIC = NO;
				GCC_NO_COMMON_BLOCKS = YES;
				GCC_OPTIMIZATION_LEVEL = 0;
				GCC_PREPROCESSOR_DEFINITIONS = (
					"DEBUG=1",
					"$(inherited)",
				);
				GCC_WARN_64_TO_32_BIT_CONVERSION = YES;
				GCC_WARN_ABOUT_RETURN_TYPE = YES_ERROR;
				GCC_WARN_UNDECLARED_SELECTOR = YES;
				GCC_WARN_UNINITIALIZED_AUTOS = YES_AGGRESSIVE;
				GCC_WARN_UNUSED_FUNCTION = YES;
				GCC_WARN_UNUSED_VARIABLE = YES;
				IPHONEOS_DEPLOYMENT_TARGET = 16.2;
				MTL_ENABLE_DEBUG_INFO = INCLUDE_SOURCE;
				MTL_FAST_MATH = YES;
				ONLY_ACTIVE_ARCH = YES;
				SDKROOT = iphoneos;
				SWIFT_ACTIVE_COMPILATION_CONDITIONS = DEBUG;
				SWIFT_OPTIMIZATION_LEVEL = "-Onone";
			};
			name = Debug;
		};
		495056CC29E3328700C43393 /* Release */ = {
			isa = XCBuildConfiguration;
			buildSettings = {
				ALWAYS_SEARCH_USER_PATHS = NO;
				CLANG_ANALYZER_NONNULL = YES;
				CLANG_ANALYZER_NUMBER_OBJECT_CONVERSION = YES_AGGRESSIVE;
				CLANG_CXX_LANGUAGE_STANDARD = "gnu++20";
				CLANG_ENABLE_MODULES = YES;
				CLANG_ENABLE_OBJC_ARC = YES;
				CLANG_ENABLE_OBJC_WEAK = YES;
				CLANG_WARN_BLOCK_CAPTURE_AUTORELEASING = YES;
				CLANG_WARN_BOOL_CONVERSION = YES;
				CLANG_WARN_COMMA = YES;
				CLANG_WARN_CONSTANT_CONVERSION = YES;
				CLANG_WARN_DEPRECATED_OBJC_IMPLEMENTATIONS = YES;
				CLANG_WARN_DIRECT_OBJC_ISA_USAGE = YES_ERROR;
				CLANG_WARN_DOCUMENTATION_COMMENTS = YES;
				CLANG_WARN_EMPTY_BODY = YES;
				CLANG_WARN_ENUM_CONVERSION = YES;
				CLANG_WARN_INFINITE_RECURSION = YES;
				CLANG_WARN_INT_CONVERSION = YES;
				CLANG_WARN_NON_LITERAL_NULL_CONVERSION = YES;
				CLANG_WARN_OBJC_IMPLICIT_RETAIN_SELF = YES;
				CLANG_WARN_OBJC_LITERAL_CONVERSION = YES;
				CLANG_WARN_OBJC_ROOT_CLASS = YES_ERROR;
				CLANG_WARN_QUOTED_INCLUDE_IN_FRAMEWORK_HEADER = YES;
				CLANG_WARN_RANGE_LOOP_ANALYSIS = YES;
				CLANG_WARN_STRICT_PROTOTYPES = YES;
				CLANG_WARN_SUSPICIOUS_MOVE = YES;
				CLANG_WARN_UNGUARDED_AVAILABILITY = YES_AGGRESSIVE;
				CLANG_WARN_UNREACHABLE_CODE = YES;
				CLANG_WARN__DUPLICATE_METHOD_MATCH = YES;
				COPY_PHASE_STRIP = NO;
				DEBUG_INFORMATION_FORMAT = "dwarf-with-dsym";
				ENABLE_NS_ASSERTIONS = NO;
				ENABLE_STRICT_OBJC_MSGSEND = YES;
				GCC_C_LANGUAGE_STANDARD = gnu11;
				GCC_NO_COMMON_BLOCKS = YES;
				GCC_WARN_64_TO_32_BIT_CONVERSION = YES;
				GCC_WARN_ABOUT_RETURN_TYPE = YES_ERROR;
				GCC_WARN_UNDECLARED_SELECTOR = YES;
				GCC_WARN_UNINITIALIZED_AUTOS = YES_AGGRESSIVE;
				GCC_WARN_UNUSED_FUNCTION = YES;
				GCC_WARN_UNUSED_VARIABLE = YES;
				IPHONEOS_DEPLOYMENT_TARGET = 16.2;
				MTL_ENABLE_DEBUG_INFO = NO;
				MTL_FAST_MATH = YES;
				SDKROOT = iphoneos;
				SWIFT_COMPILATION_MODE = wholemodule;
				SWIFT_OPTIMIZATION_LEVEL = "-O";
				VALIDATE_PRODUCT = YES;
			};
			name = Release;
		};
		495056CE29E3328700C43393 /* Debug */ = {
			isa = XCBuildConfiguration;
			buildSettings = {
				ASSETCATALOG_COMPILER_APPICON_NAME = AppIcon;
				ASSETCATALOG_COMPILER_GLOBAL_ACCENT_COLOR_NAME = AccentColor;
				CODE_SIGN_STYLE = Automatic;
				CURRENT_PROJECT_VERSION = 1;
				GENERATE_INFOPLIST_FILE = YES;
				INFOPLIST_FILE = "Note-App2.0/Info.plist";
				INFOPLIST_KEY_UIApplicationSupportsIndirectInputEvents = YES;
				INFOPLIST_KEY_UILaunchStoryboardName = LaunchScreen;
				INFOPLIST_KEY_UIMainStoryboardFile = Main;
				INFOPLIST_KEY_UISupportedInterfaceOrientations_iPad = "UIInterfaceOrientationPortrait UIInterfaceOrientationPortraitUpsideDown UIInterfaceOrientationLandscapeLeft UIInterfaceOrientationLandscapeRight";
				INFOPLIST_KEY_UISupportedInterfaceOrientations_iPhone = "UIInterfaceOrientationPortrait UIInterfaceOrientationLandscapeLeft UIInterfaceOrientationLandscapeRight";
				LD_RUNPATH_SEARCH_PATHS = (
					"$(inherited)",
					"@executable_path/Frameworks",
				);
				MARKETING_VERSION = 1.0;
				PRODUCT_BUNDLE_IDENTIFIER = "com.siddharth.Note-App2-0";
				PRODUCT_NAME = "$(TARGET_NAME)";
				SWIFT_EMIT_LOC_STRINGS = YES;
				SWIFT_VERSION = 5.0;
				TARGETED_DEVICE_FAMILY = "1,2";
			};
			name = Debug;
		};
		495056CF29E3328700C43393 /* Release */ = {
			isa = XCBuildConfiguration;
			buildSettings = {
				ASSETCATALOG_COMPILER_APPICON_NAME = AppIcon;
				ASSETCATALOG_COMPILER_GLOBAL_ACCENT_COLOR_NAME = AccentColor;
				CODE_SIGN_STYLE = Automatic;
				CURRENT_PROJECT_VERSION = 1;
				GENERATE_INFOPLIST_FILE = YES;
				INFOPLIST_FILE = "Note-App2.0/Info.plist";
				INFOPLIST_KEY_UIApplicationSupportsIndirectInputEvents = YES;
				INFOPLIST_KEY_UILaunchStoryboardName = LaunchScreen;
				INFOPLIST_KEY_UIMainStoryboardFile = Main;
				INFOPLIST_KEY_UISupportedInterfaceOrientations_iPad = "UIInterfaceOrientationPortrait UIInterfaceOrientationPortraitUpsideDown UIInterfaceOrientationLandscapeLeft UIInterfaceOrientationLandscapeRight";
				INFOPLIST_KEY_UISupportedInterfaceOrientations_iPhone = "UIInterfaceOrientationPortrait UIInterfaceOrientationLandscapeLeft UIInterfaceOrientationLandscapeRight";
				LD_RUNPATH_SEARCH_PATHS = (
					"$(inherited)",
					"@executable_path/Frameworks",
				);
				MARKETING_VERSION = 1.0;
				PRODUCT_BUNDLE_IDENTIFIER = "com.siddharth.Note-App2-0";
				PRODUCT_NAME = "$(TARGET_NAME)";
				SWIFT_EMIT_LOC_STRINGS = YES;
				SWIFT_VERSION = 5.0;
				TARGETED_DEVICE_FAMILY = "1,2";
			};
			name = Release;
		};
/* End XCBuildConfiguration section */

/* Begin XCConfigurationList section */
		495056B429E3328500C43393 /* Build configuration list for PBXProject "Note-App2.0" */ = {
			isa = XCConfigurationList;
			buildConfigurations = (
				495056CB29E3328700C43393 /* Debug */,
				495056CC29E3328700C43393 /* Release */,
			);
			defaultConfigurationIsVisible = 0;
			defaultConfigurationName = Release;
		};
		495056CD29E3328700C43393 /* Build configuration list for PBXNativeTarget "Note-App2.0" */ = {
			isa = XCConfigurationList;
			buildConfigurations = (
				495056CE29E3328700C43393 /* Debug */,
				495056CF29E3328700C43393 /* Release */,
			);
			defaultConfigurationIsVisible = 0;
			defaultConfigurationName = Release;
		};
/* End XCConfigurationList section */

/* Begin XCRemoteSwiftPackageReference section */
		495056D229E3377400C43393 /* XCRemoteSwiftPackageReference "Alamofire" */ = {
			isa = XCRemoteSwiftPackageReference;
			repositoryURL = "https://github.com/Alamofire/Alamofire";
			requirement = {
				kind = upToNextMajorVersion;
				minimumVersion = 5.0.0;
			};
		};
/* End XCRemoteSwiftPackageReference section */

/* Begin XCSwiftPackageProductDependency section */
		495056D329E3377400C43393 /* Alamofire */ = {
			isa = XCSwiftPackageProductDependency;
			package = 495056D229E3377400C43393 /* XCRemoteSwiftPackageReference "Alamofire" */;
			productName = Alamofire;
		};
/* End XCSwiftPackageProductDependency section */
	};
	rootObject = 495056B129E3328500C43393 /* Project object */;
}
